<?xml version="1.0" encoding="utf-8"?>
<Project ToolsVersion="4.0" xmlns="http://schemas.microsoft.com/developer/msbuild/2003">
  <ItemGroup>
    <Filter Include="源文件">
      <UniqueIdentifier>{4FC737F1-C7A5-4376-A066-2A32D752A2FF}</UniqueIdentifier>
      <Extensions>cpp;c;cc;cxx;def;odl;idl;hpj;bat;asm;asmx</Extensions>
    </Filter>
    <Filter Include="头文件">
      <UniqueIdentifier>{93995380-89BD-4b04-88EB-625FBE52EBFB}</UniqueIdentifier>
      <Extensions>h;hpp;hxx;hm;inl;inc;xsd</Extensions>
    </Filter>
    <Filter Include="资源文件">
      <UniqueIdentifier>{67DA6AB6-F800-4c08-8B7A-83BB121AAD01}</UniqueIdentifier>
      <Extensions>rc;ico;cur;bmp;dlg;rc2;rct;bin;rgs;gif;jpg;jpeg;jpe;resx;tiff;tif;png;wav;mfcribbon-ms</Extensions>
    </Filter>
    <Filter Include="test">
      <UniqueIdentifier>{1ffa3f27-fb80-4dbf-9828-4ea80b79c0a9}</UniqueIdentifier>
    </Filter>
    <Filter Include="Generated">
      <UniqueIdentifier>{629f2b00-94bd-4654-9f16-6c5d5925d18f}</UniqueIdentifier>
    </Filter>
  </ItemGroup>
  <ItemGroup>
    <ClCompile Include="main.cpp">
      <Filter>源文件</Filter>
    </ClCompile>
    <ClCompile Include="OrthProcessListener.cpp">
      <Filter>源文件</Filter>
    </ClCompile>
    <ClCompile Include="QuickbirdRpcModel.cpp">
      <Filter>源文件</Filter>
    </ClCompile>
    <ClCompile Include="RpcModel.cpp">
      <Filter>源文件</Filter>
    </ClCompile>
    <ClCompile Include="QtRspfListener.cpp">
      <Filter>源文件</Filter>
    </ClCompile>
    <ClCompile Include="moc_QtRspfListener.cxx">
      <Filter>Generated</Filter>
    </ClCompile>
  </ItemGroup>
  <ItemGroup>
    <ClInclude Include="OrthProcessListener.h">
      <Filter>头文件</Filter>
    </ClInclude>
    <ClInclude Include="QtRspfListener.h">
      <Filter>头文件</Filter>
    </ClInclude>
    <ClInclude Include="QuickbirdRpcModel.h">
      <Filter>头文件</Filter>
    </ClInclude>
    <ClInclude Include="RpcModel.h">
      <Filter>头文件</Filter>
    </ClInclude>
    <ClInclude Include="StdOutProgress.h">
      <Filter>头文件</Filter>
    </ClInclude>
    <ClInclude Include="line_match\main.h">
      <Filter>头文件</Filter>
    </ClInclude>
    <ClInclude Include="quick_selection.h">
      <Filter>头文件</Filter>
    </ClInclude>
    <ClInclude Include="test\featureTest.hpp">
      <Filter>test</Filter>
    </ClInclude>
    <ClInclude Include="test\RpcTest.hpp">
      <Filter>test</Filter>
    </ClInclude>
  </ItemGroup>
</Project>