<?xml version="1.0" encoding="utf-8"?>
<Project ToolsVersion="4.0" xmlns="http://schemas.microsoft.com/developer/msbuild/2003">
  <ItemGroup>
    <Filter Include="Source Files">
      <UniqueIdentifier>{4FC737F1-C7A5-4376-A066-2A32D752A2FF}</UniqueIdentifier>
      <Extensions>cpp;c;cc;cxx;def;odl;idl;hpj;bat;asm;asmx</Extensions>
    </Filter>
    <Filter Include="Header Files">
      <UniqueIdentifier>{93995380-89BD-4b04-88EB-625FBE52EBFB}</UniqueIdentifier>
      <Extensions>h;hpp;hxx;hm;inl;inc;xsd</Extensions>
    </Filter>
    <Filter Include="Resource Files">
      <UniqueIdentifier>{67DA6AB6-F800-4c08-8B7A-83BB121AAD01}</UniqueIdentifier>
      <Extensions>rc;ico;cur;bmp;dlg;rc2;rct;bin;rgs;gif;jpg;jpeg;jpe;resx;tiff;tif;png;wav;mfcribbon-ms</Extensions>
    </Filter>
  </ItemGroup>
  <ItemGroup>
    <ClCompile Include="radiImageRegistration.cpp">
      <Filter>Source Files</Filter>
    </ClCompile>
    <ClCompile Include="img-reg-ncc.cpp">
      <Filter>Source Files</Filter>
    </ClCompile>
    <ClCompile Include="ossimDensityReducer.cpp">
      <Filter>Source Files</Filter>
    </ClCompile>
    <ClCompile Include="ossimExtremaFilter.cpp">
      <Filter>Source Files</Filter>
    </ClCompile>
    <ClCompile Include="ossimHarrisCorners.cpp">
      <Filter>Source Files</Filter>
    </ClCompile>
    <ClCompile Include="ossimMultiplier.cpp">
      <Filter>Source Files</Filter>
    </ClCompile>
    <ClCompile Include="ossimNCC_FFTW.cpp">
      <Filter>Source Files</Filter>
    </ClCompile>
    <ClCompile Include="ossimRunningSum.cpp">
      <Filter>Source Files</Filter>
    </ClCompile>
    <ClCompile Include="ossimSquareFunction.cpp">
      <Filter>Source Files</Filter>
    </ClCompile>
  </ItemGroup>
  <ItemGroup>
    <ClInclude Include="radiImageRegistration.h">
      <Filter>Header Files</Filter>
    </ClInclude>
    <ClInclude Include="ossimDensityReducer.h">
      <Filter>Header Files</Filter>
    </ClInclude>
    <ClInclude Include="ossimExtremaFilter.h">
      <Filter>Header Files</Filter>
    </ClInclude>
    <ClInclude Include="ossimHarrisCorners.h">
      <Filter>Header Files</Filter>
    </ClInclude>
    <ClInclude Include="ossimMultiplier.h">
      <Filter>Header Files</Filter>
    </ClInclude>
    <ClInclude Include="ossimNCC_FFTW.h">
      <Filter>Header Files</Filter>
    </ClInclude>
    <ClInclude Include="ossimRunningSum.h">
      <Filter>Header Files</Filter>
    </ClInclude>
    <ClInclude Include="ossimSquareFunction.h">
      <Filter>Header Files</Filter>
    </ClInclude>
  </ItemGroup>
</Project>